// !$*UTF8*$!
{
	archiveVersion = 1;
	classes = {
	};
	objectVersion = 50;
	objects = {

/* Begin PBXBuildFile section */
		B6C536F622E84F42008C0D50 /* AppDelegate.swift in Sources */ = {isa = PBXBuildFile; fileRef = B6C536F522E84F42008C0D50 /* AppDelegate.swift */; };
		B6C536F822E84F42008C0D50 /* SearchUserViewController.swift in Sources */ = {isa = PBXBuildFile; fileRef = B6C536F722E84F42008C0D50 /* SearchUserViewController.swift */; };
		B6C5370022E84F46008C0D50 /* Assets.xcassets in Resources */ = {isa = PBXBuildFile; fileRef = B6C536FF22E84F46008C0D50 /* Assets.xcassets */; };
		B6C5370322E84F46008C0D50 /* LaunchScreen.storyboard in Resources */ = {isa = PBXBuildFile; fileRef = B6C5370122E84F46008C0D50 /* LaunchScreen.storyboard */; };
		B6C5372722E85467008C0D50 /* Server.swift in Sources */ = {isa = PBXBuildFile; fileRef = B6C5372622E85467008C0D50 /* Server.swift */; };
		B6C5372922E85484008C0D50 /* ViewControllerFactory.swift in Sources */ = {isa = PBXBuildFile; fileRef = B6C5372822E85484008C0D50 /* ViewControllerFactory.swift */; };
		B6C5372C22E854AA008C0D50 /* SearchUserViewModel.swift in Sources */ = {isa = PBXBuildFile; fileRef = B6C5372B22E854AA008C0D50 /* SearchUserViewModel.swift */; };
		B6C5372F22E854CA008C0D50 /* SearchUserViewModelImpl.swift in Sources */ = {isa = PBXBuildFile; fileRef = B6C5372E22E854CA008C0D50 /* SearchUserViewModelImpl.swift */; };
		B6C5373422E85704008C0D50 /* ReusableProtocol.swift in Sources */ = {isa = PBXBuildFile; fileRef = B6C5373322E85704008C0D50 /* ReusableProtocol.swift */; };
		B6C5373722E85943008C0D50 /* UserCollectionViewCell.swift in Sources */ = {isa = PBXBuildFile; fileRef = B6C5373522E85943008C0D50 /* UserCollectionViewCell.swift */; };
		B6C5373822E85943008C0D50 /* UserCollectionViewCell.xib in Resources */ = {isa = PBXBuildFile; fileRef = B6C5373622E85943008C0D50 /* UserCollectionViewCell.xib */; };
		B6C5373A22E859C4008C0D50 /* User.swift in Sources */ = {isa = PBXBuildFile; fileRef = B6C5373922E859C4008C0D50 /* User.swift */; };
/* End PBXBuildFile section */

/* Begin PBXFileReference section */
		B6C536F222E84F42008C0D50 /* 17CodeTask.app */ = {isa = PBXFileReference; explicitFileType = wrapper.application; includeInIndex = 0; path = 17CodeTask.app; sourceTree = BUILT_PRODUCTS_DIR; };
		B6C536F522E84F42008C0D50 /* AppDelegate.swift */ = {isa = PBXFileReference; lastKnownFileType = sourcecode.swift; path = AppDelegate.swift; sourceTree = "<group>"; };
		B6C536F722E84F42008C0D50 /* SearchUserViewController.swift */ = {isa = PBXFileReference; lastKnownFileType = sourcecode.swift; path = SearchUserViewController.swift; sourceTree = "<group>"; };
		B6C536FF22E84F46008C0D50 /* Assets.xcassets */ = {isa = PBXFileReference; lastKnownFileType = folder.assetcatalog; path = Assets.xcassets; sourceTree = "<group>"; };
		B6C5370222E84F46008C0D50 /* Base */ = {isa = PBXFileReference; lastKnownFileType = file.storyboard; name = Base; path = Base.lproj/LaunchScreen.storyboard; sourceTree = "<group>"; };
		B6C5370422E84F46008C0D50 /* Info.plist */ = {isa = PBXFileReference; lastKnownFileType = text.plist.xml; path = Info.plist; sourceTree = "<group>"; };
		B6C5372622E85467008C0D50 /* Server.swift */ = {isa = PBXFileReference; lastKnownFileType = sourcecode.swift; path = Server.swift; sourceTree = "<group>"; };
		B6C5372822E85484008C0D50 /* ViewControllerFactory.swift */ = {isa = PBXFileReference; lastKnownFileType = sourcecode.swift; path = ViewControllerFactory.swift; sourceTree = "<group>"; };
		B6C5372B22E854AA008C0D50 /* SearchUserViewModel.swift */ = {isa = PBXFileReference; lastKnownFileType = sourcecode.swift; path = SearchUserViewModel.swift; sourceTree = "<group>"; };
		B6C5372E22E854CA008C0D50 /* SearchUserViewModelImpl.swift */ = {isa = PBXFileReference; lastKnownFileType = sourcecode.swift; path = SearchUserViewModelImpl.swift; sourceTree = "<group>"; };
		B6C5373322E85704008C0D50 /* ReusableProtocol.swift */ = {isa = PBXFileReference; lastKnownFileType = sourcecode.swift; path = ReusableProtocol.swift; sourceTree = "<group>"; };
		B6C5373522E85943008C0D50 /* UserCollectionViewCell.swift */ = {isa = PBXFileReference; lastKnownFileType = sourcecode.swift; path = UserCollectionViewCell.swift; sourceTree = "<group>"; };
		B6C5373622E85943008C0D50 /* UserCollectionViewCell.xib */ = {isa = PBXFileReference; lastKnownFileType = file.xib; path = UserCollectionViewCell.xib; sourceTree = "<group>"; };
		B6C5373922E859C4008C0D50 /* User.swift */ = {isa = PBXFileReference; lastKnownFileType = sourcecode.swift; path = User.swift; sourceTree = "<group>"; };
/* End PBXFileReference section */

/* Begin PBXFrameworksBuildPhase section */
		B6C536EF22E84F42008C0D50 /* Frameworks */ = {
			isa = PBXFrameworksBuildPhase;
			buildActionMask = 2147483647;
			files = (
			);
			runOnlyForDeploymentPostprocessing = 0;
		};
/* End PBXFrameworksBuildPhase section */

/* Begin PBXGroup section */
		B6C536E922E84F42008C0D50 = {
			isa = PBXGroup;
			children = (
				B6C536F422E84F42008C0D50 /* 17CodeTask */,
				B6C536F322E84F42008C0D50 /* Products */,
			);
			sourceTree = "<group>";
		};
		B6C536F322E84F42008C0D50 /* Products */ = {
			isa = PBXGroup;
			children = (
				B6C536F222E84F42008C0D50 /* 17CodeTask.app */,
			);
			name = Products;
			sourceTree = "<group>";
		};
		B6C536F422E84F42008C0D50 /* 17CodeTask */ = {
			isa = PBXGroup;
			children = (
				B6C5373222E856F7008C0D50 /* Common */,
				B6C5372D22E854AF008C0D50 /* Model */,
				B6C5372A22E854A1008C0D50 /* SearchUserView */,
				B6C536F522E84F42008C0D50 /* AppDelegate.swift */,
				B6C536FF22E84F46008C0D50 /* Assets.xcassets */,
				B6C5370122E84F46008C0D50 /* LaunchScreen.storyboard */,
				B6C5370422E84F46008C0D50 /* Info.plist */,
			);
			path = 17CodeTask;
			sourceTree = "<group>";
		};
		B6C5372A22E854A1008C0D50 /* SearchUserView */ = {
			isa = PBXGroup;
			children = (
				B6C5372B22E854AA008C0D50 /* SearchUserViewModel.swift */,
				B6C5372E22E854CA008C0D50 /* SearchUserViewModelImpl.swift */,
				B6C536F722E84F42008C0D50 /* SearchUserViewController.swift */,
				B6C5373522E85943008C0D50 /* UserCollectionViewCell.swift */,
				B6C5373622E85943008C0D50 /* UserCollectionViewCell.xib */,
			);
			path = SearchUserView;
			sourceTree = "<group>";
		};
		B6C5372D22E854AF008C0D50 /* Model */ = {
			isa = PBXGroup;
			children = (
				B6C5372622E85467008C0D50 /* Server.swift */,
				B6C5372822E85484008C0D50 /* ViewControllerFactory.swift */,
				B6C5373922E859C4008C0D50 /* User.swift */,
			);
			path = Model;
			sourceTree = "<group>";
		};
		B6C5373222E856F7008C0D50 /* Common */ = {
			isa = PBXGroup;
			children = (
				B6C5373322E85704008C0D50 /* ReusableProtocol.swift */,
			);
			path = Common;
			sourceTree = "<group>";
		};
/* End PBXGroup section */

/* Begin PBXNativeTarget section */
		B6C536F122E84F42008C0D50 /* 17CodeTask */ = {
			isa = PBXNativeTarget;
			buildConfigurationList = B6C5371D22E84F46008C0D50 /* Build configuration list for PBXNativeTarget "17CodeTask" */;
			buildPhases = (
				B6C536EE22E84F42008C0D50 /* Sources */,
				B6C536EF22E84F42008C0D50 /* Frameworks */,
				B6C536F022E84F42008C0D50 /* Resources */,
			);
			buildRules = (
			);
			dependencies = (
			);
			name = 17CodeTask;
			productName = 17CodeTask;
			productReference = B6C536F222E84F42008C0D50 /* 17CodeTask.app */;
			productType = "com.apple.product-type.application";
		};
/* End PBXNativeTarget section */

/* Begin PBXProject section */
		B6C536EA22E84F42008C0D50 /* Project object */ = {
			isa = PBXProject;
			attributes = {
				LastSwiftUpdateCheck = 1020;
				LastUpgradeCheck = 1020;
				ORGANIZATIONNAME = LS;
				TargetAttributes = {
					B6C536F122E84F42008C0D50 = {
						CreatedOnToolsVersion = 10.2.1;
					};
				};
			};
			buildConfigurationList = B6C536ED22E84F42008C0D50 /* Build configuration list for PBXProject "17CodeTask" */;
			compatibilityVersion = "Xcode 9.3";
			developmentRegion = en;
			hasScannedForEncodings = 0;
			knownRegions = (
				en,
				Base,
			);
			mainGroup = B6C536E922E84F42008C0D50;
			productRefGroup = B6C536F322E84F42008C0D50 /* Products */;
			projectDirPath = "";
			projectRoot = "";
			targets = (
				B6C536F122E84F42008C0D50 /* 17CodeTask */,
			);
		};
/* End PBXProject section */

/* Begin PBXResourcesBuildPhase section */
		B6C536F022E84F42008C0D50 /* Resources */ = {
			isa = PBXResourcesBuildPhase;
			buildActionMask = 2147483647;
			files = (
				B6C5373822E85943008C0D50 /* UserCollectionViewCell.xib in Resources */,
				B6C5370322E84F46008C0D50 /* LaunchScreen.storyboard in Resources */,
				B6C5370022E84F46008C0D50 /* Assets.xcassets in Resources */,
			);
			runOnlyForDeploymentPostprocessing = 0;
		};
/* End PBXResourcesBuildPhase section */

/* Begin PBXSourcesBuildPhase section */
		B6C536EE22E84F42008C0D50 /* Sources */ = {
			isa = PBXSourcesBuildPhase;
			buildActionMask = 2147483647;
			files = (
				B6C536F822E84F42008C0D50 /* SearchUserViewController.swift in Sources */,
				B6C5373422E85704008C0D50 /* ReusableProtocol.swift in Sources */,
				B6C5372C22E854AA008C0D50 /* SearchUserViewModel.swift in Sources */,
				B6C5372922E85484008C0D50 /* ViewControllerFactory.swift in Sources */,
				B6C5372722E85467008C0D50 /* Server.swift in Sources */,
				B6C5373A22E859C4008C0D50 /* User.swift in Sources */,
				B6C5373722E85943008C0D50 /* UserCollectionViewCell.swift in Sources */,
				B6C536F622E84F42008C0D50 /* AppDelegate.swift in Sources */,
				B6C5372F22E854CA008C0D50 /* SearchUserViewModelImpl.swift in Sources */,
			);
			runOnlyForDeploymentPostprocessing = 0;
		};
/* End PBXSourcesBuildPhase section */

/* Begin PBXVariantGroup section */
		B6C5370122E84F46008C0D50 /* LaunchScreen.storyboard */ = {
			isa = PBXVariantGroup;
			children = (
				B6C5370222E84F46008C0D50 /* Base */,
			);
			name = LaunchScreen.storyboard;
			sourceTree = "<group>";
		};
/* End PBXVariantGroup section */

/* Begin XCBuildConfiguration section */
		B6C5371B22E84F46008C0D50 /* Debug */ = {
			isa = XCBuildConfiguration;
			buildSettings = {
				ALWAYS_SEARCH_USER_PATHS = NO;
				CLANG_ANALYZER_NONNULL = YES;
				CLANG_ANALYZER_NUMBER_OBJECT_CONVERSION = YES_AGGRESSIVE;
				CLANG_CXX_LANGUAGE_STANDARD = "gnu++14";
				CLANG_CXX_LIBRARY = "libc++";
				CLANG_ENABLE_MODULES = YES;
				CLANG_ENABLE_OBJC_ARC = YES;
				CLANG_ENABLE_OBJC_WEAK = YES;
				CLANG_WARN_BLOCK_CAPTURE_AUTORELEASING = YES;
				CLANG_WARN_BOOL_CONVERSION = YES;
				CLANG_WARN_COMMA = YES;
				CLANG_WARN_CONSTANT_CONVERSION = YES;
				CLANG_WARN_DEPRECATED_OBJC_IMPLEMENTATIONS = YES;
				CLANG_WARN_DIRECT_OBJC_ISA_USAGE = YES_ERROR;
				CLANG_WARN_DOCUMENTATION_COMMENTS = YES;
				CLANG_WARN_EMPTY_BODY = YES;
				CLANG_WARN_ENUM_CONVERSION = YES;
				CLANG_WARN_INFINITE_RECURSION = YES;
				CLANG_WARN_INT_CONVERSION = YES;
				CLANG_WARN_NON_LITERAL_NULL_CONVERSION = YES;
				CLANG_WARN_OBJC_IMPLICIT_RETAIN_SELF = YES;
				CLANG_WARN_OBJC_LITERAL_CONVERSION = YES;
				CLANG_WARN_OBJC_ROOT_CLASS = YES_ERROR;
				CLANG_WARN_RANGE_LOOP_ANALYSIS = YES;
				CLANG_WARN_STRICT_PROTOTYPES = YES;
				CLANG_WARN_SUSPICIOUS_MOVE = YES;
				CLANG_WARN_UNGUARDED_AVAILABILITY = YES_AGGRESSIVE;
				CLANG_WARN_UNREACHABLE_CODE = YES;
				CLANG_WARN__DUPLICATE_METHOD_MATCH = YES;
				CODE_SIGN_IDENTITY = "iPhone Developer";
				COPY_PHASE_STRIP = NO;
				DEBUG_INFORMATION_FORMAT = dwarf;
				ENABLE_STRICT_OBJC_MSGSEND = YES;
				ENABLE_TESTABILITY = YES;
				GCC_C_LANGUAGE_STANDARD = gnu11;
				GCC_DYNAMIC_NO_PIC = NO;
				GCC_NO_COMMON_BLOCKS = YES;
				GCC_OPTIMIZATION_LEVEL = 0;
				GCC_PREPROCESSOR_DEFINITIONS = (
					"DEBUG=1",
					"$(inherited)",
				);
				GCC_WARN_64_TO_32_BIT_CONVERSION = YES;
				GCC_WARN_ABOUT_RETURN_TYPE = YES_ERROR;
				GCC_WARN_UNDECLARED_SELECTOR = YES;
				GCC_WARN_UNINITIALIZED_AUTOS = YES_AGGRESSIVE;
				GCC_WARN_UNUSED_FUNCTION = YES;
				GCC_WARN_UNUSED_VARIABLE = YES;
				IPHONEOS_DEPLOYMENT_TARGET = 12.2;
				MTL_ENABLE_DEBUG_INFO = INCLUDE_SOURCE;
				MTL_FAST_MATH = YES;
				ONLY_ACTIVE_ARCH = YES;
				SDKROOT = iphoneos;
				SWIFT_ACTIVE_COMPILATION_CONDITIONS = DEBUG;
				SWIFT_OPTIMIZATION_LEVEL = "-Onone";
			};
			name = Debug;
		};
		B6C5371C22E84F46008C0D50 /* Release */ = {
			isa = XCBuildConfiguration;
			buildSettings = {
				ALWAYS_SEARCH_USER_PATHS = NO;
				CLANG_ANALYZER_NONNULL = YES;
				CLANG_ANALYZER_NUMBER_OBJECT_CONVERSION = YES_AGGRESSIVE;
				CLANG_CXX_LANGUAGE_STANDARD = "gnu++14";
				CLANG_CXX_LIBRARY = "libc++";
				CLANG_ENABLE_MODULES = YES;
				CLANG_ENABLE_OBJC_ARC = YES;
				CLANG_ENABLE_OBJC_WEAK = YES;
				CLANG_WARN_BLOCK_CAPTURE_AUTORELEASING = YES;
				CLANG_WARN_BOOL_CONVERSION = YES;
				CLANG_WARN_COMMA = YES;
				CLANG_WARN_CONSTANT_CONVERSION = YES;
				CLANG_WARN_DEPRECATED_OBJC_IMPLEMENTATIONS = YES;
				CLANG_WARN_DIRECT_OBJC_ISA_USAGE = YES_ERROR;
				CLANG_WARN_DOCUMENTATION_COMMENTS = YES;
				CLANG_WARN_EMPTY_BODY = YES;
				CLANG_WARN_ENUM_CONVERSION = YES;
				CLANG_WARN_INFINITE_RECURSION = YES;
				CLANG_WARN_INT_CONVERSION = YES;
				CLANG_WARN_NON_LITERAL_NULL_CONVERSION = YES;
				CLANG_WARN_OBJC_IMPLICIT_RETAIN_SELF = YES;
				CLANG_WARN_OBJC_LITERAL_CONVERSION = YES;
				CLANG_WARN_OBJC_ROOT_CLASS = YES_ERROR;
				CLANG_WARN_RANGE_LOOP_ANALYSIS = YES;
				CLANG_WARN_STRICT_PROTOTYPES = YES;
				CLANG_WARN_SUSPICIOUS_MOVE = YES;
				CLANG_WARN_UNGUARDED_AVAILABILITY = YES_AGGRESSIVE;
				CLANG_WARN_UNREACHABLE_CODE = YES;
				CLANG_WARN__DUPLICATE_METHOD_MATCH = YES;
				CODE_SIGN_IDENTITY = "iPhone Developer";
				COPY_PHASE_STRIP = NO;
				DEBUG_INFORMATION_FORMAT = "dwarf-with-dsym";
				ENABLE_NS_ASSERTIONS = NO;
				ENABLE_STRICT_OBJC_MSGSEND = YES;
				GCC_C_LANGUAGE_STANDARD = gnu11;
				GCC_NO_COMMON_BLOCKS = YES;
				GCC_WARN_64_TO_32_BIT_CONVERSION = YES;
				GCC_WARN_ABOUT_RETURN_TYPE = YES_ERROR;
				GCC_WARN_UNDECLARED_SELECTOR = YES;
				GCC_WARN_UNINITIALIZED_AUTOS = YES_AGGRESSIVE;
				GCC_WARN_UNUSED_FUNCTION = YES;
				GCC_WARN_UNUSED_VARIABLE = YES;
				IPHONEOS_DEPLOYMENT_TARGET = 12.2;
				MTL_ENABLE_DEBUG_INFO = NO;
				MTL_FAST_MATH = YES;
				SDKROOT = iphoneos;
				SWIFT_COMPILATION_MODE = wholemodule;
				SWIFT_OPTIMIZATION_LEVEL = "-O";
				VALIDATE_PRODUCT = YES;
			};
			name = Release;
		};
		B6C5371E22E84F46008C0D50 /* Debug */ = {
			isa = XCBuildConfiguration;
			buildSettings = {
				ASSETCATALOG_COMPILER_APPICON_NAME = AppIcon;
				CODE_SIGN_STYLE = Automatic;
				DEVELOPMENT_TEAM = DS7FNLNW4K;
				INFOPLIST_FILE = 17CodeTask/Info.plist;
				LD_RUNPATH_SEARCH_PATHS = (
					"$(inherited)",
					"@executable_path/Frameworks",
				);
				PRODUCT_BUNDLE_IDENTIFIER = "com.zw.-7CodeTask";
				PRODUCT_NAME = "$(TARGET_NAME)";
				SWIFT_VERSION = 5.0;
				TARGETED_DEVICE_FAMILY = "1,2";
			};
			name = Debug;
		};
		B6C5371F22E84F46008C0D50 /* Release */ = {
			isa = XCBuildConfiguration;
			buildSettings = {
				ASSETCATALOG_COMPILER_APPICON_NAME = AppIcon;
				CODE_SIGN_STYLE = Automatic;
				DEVELOPMENT_TEAM = DS7FNLNW4K;
				INFOPLIST_FILE = 17CodeTask/Info.plist;
				LD_RUNPATH_SEARCH_PATHS = (
					"$(inherited)",
					"@executable_path/Frameworks",
				);
				PRODUCT_BUNDLE_IDENTIFIER = "com.zw.-7CodeTask";
				PRODUCT_NAME = "$(TARGET_NAME)";
				SWIFT_VERSION = 5.0;
				TARGETED_DEVICE_FAMILY = "1,2";
			};
			name = Release;
		};
/* End XCBuildConfiguration section */

/* Begin XCConfigurationList section */
		B6C536ED22E84F42008C0D50 /* Build configuration list for PBXProject "17CodeTask" */ = {
			isa = XCConfigurationList;
			buildConfigurations = (
				B6C5371B22E84F46008C0D50 /* Debug */,
				B6C5371C22E84F46008C0D50 /* Release */,
			);
			defaultConfigurationIsVisible = 0;
			defaultConfigurationName = Release;
		};
		B6C5371D22E84F46008C0D50 /* Build configuration list for PBXNativeTarget "17CodeTask" */ = {
			isa = XCConfigurationList;
			buildConfigurations = (
				B6C5371E22E84F46008C0D50 /* Debug */,
				B6C5371F22E84F46008C0D50 /* Release */,
			);
			defaultConfigurationIsVisible = 0;
			defaultConfigurationName = Release;
		};
/* End XCConfigurationList section */
	};
	rootObject = B6C536EA22E84F42008C0D50 /* Project object */;
}
